
Microsoft Visual Studio Solution File, Format Version 12.00
# Visual Studio Version 17
VisualStudioVersion = 17.7.34031.279
MinimumVisualStudioVersion = 10.0.40219.1
Project("{FAE04EC0-301F-11D3-BF4B-00C04F79EFBC}") = "Theory_of_Plasticity", "Theory_of_Plasticity\Theory_of_Plasticity.csproj", "{F0365332-320C-4B3E-A14F-DD76A97A3B7F}"
EndProject
Global
	GlobalSection(SolutionConfigurationPlatforms) = preSolution
		Debug|Any CPU = Debug|Any CPU
		Release|Any CPU = Release|Any CPU
	EndGlobalSection
	GlobalSection(ProjectConfigurationPlatforms) = postSolution
		{F0365332-320C-4B3E-A14F-DD76A97A3B7F}.Debug|Any CPU.ActiveCfg = Debug|Any CPU
		{F0365332-320C-4B3E-A14F-DD76A97A3B7F}.Debug|Any CPU.Build.0 = Debug|Any CPU
		{F0365332-320C-4B3E-A14F-DD76A97A3B7F}.Release|Any CPU.ActiveCfg = Release|Any CPU
		{F0365332-320C-4B3E-A14F-DD76A97A3B7F}.Release|Any CPU.Build.0 = Release|Any CPU
	EndGlobalSection
	GlobalSection(SolutionProperties) = preSolution
		HideSolutionNode = FALSE
	EndGlobalSection
	GlobalSection(ExtensibilityGlobals) = postSolution
		SolutionGuid = {6511A4E4-FB65-4CDE-9FD0-42E5B45CC897}
	EndGlobalSection
EndGlobal
